
Microsoft Visual Studio Solution File, Format Version 12.00
# Visual Studio 15
VisualStudioVersion = 15.0.27428.2043
MinimumVisualStudioVersion = 10.0.40219.1
Project("{8BC9CEB8-8B4A-11D0-8D11-00A0C91BC942}") = "Lab 6 not broken", "..\..\OneDrive\DataStructLabs\lab 6 not broken\Lab 6 not broken\Lab 6 not broken.vcxproj", "{68F2E169-BBED-40A6-B608-C9027B37F9A4}"
EndProject
Global
	GlobalSection(SolutionConfigurationPlatforms) = preSolution
		Debug|x64 = Debug|x64
		Debug|x86 = Debug|x86
		Release|x64 = Release|x64
		Release|x86 = Release|x86
	EndGlobalSection
	GlobalSection(ProjectConfigurationPlatforms) = postSolution
		{68F2E169-BBED-40A6-B608-C9027B37F9A4}.Debug|x64.ActiveCfg = Debug|x64
		{68F2E169-BBED-40A6-B608-C9027B37F9A4}.Debug|x64.Build.0 = Debug|x64
		{68F2E169-BBED-40A6-B608-C9027B37F9A4}.Debug|x86.ActiveCfg = Debug|Win32
		{68F2E169-BBED-40A6-B608-C9027B37F9A4}.Debug|x86.Build.0 = Debug|Win32
		{68F2E169-BBED-40A6-B608-C9027B37F9A4}.Release|x64.ActiveCfg = Release|x64
		{68F2E169-BBED-40A6-B608-C9027B37F9A4}.Release|x64.Build.0 = Release|x64
		{68F2E169-BBED-40A6-B608-C9027B37F9A4}.Release|x86.ActiveCfg = Release|Win32
		{68F2E169-BBED-40A6-B608-C9027B37F9A4}.Release|x86.Build.0 = Release|Win32
	EndGlobalSection
	GlobalSection(SolutionProperties) = preSolution
		HideSolutionNode = FALSE
	EndGlobalSection
	GlobalSection(ExtensibilityGlobals) = postSolution
		SolutionGuid = {E60B0B55-EDBB-428E-84B1-004C2B436970}
	EndGlobalSection
EndGlobal
